
Microsoft Visual Studio Solution File, Format Version 12.00
# Visual Studio Version 16
VisualStudioVersion = 16.0.32126.315
MinimumVisualStudioVersion = 10.0.40219.1
Project("{FAE04EC0-301F-11D3-BF4B-00C04F79EFBC}") = "KafkaConsoleApp", "KafkaConsoleApp\KafkaConsoleApp.csproj", "{EB16478D-4C06-4FD6-A523-C8E6875DADFB}"
EndProject
Global
	GlobalSection(SolutionConfigurationPlatforms) = preSolution
		Debug|Any CPU = Debug|Any CPU
		Release|Any CPU = Release|Any CPU
	EndGlobalSection
	GlobalSection(ProjectConfigurationPlatforms) = postSolution
		{EB16478D-4C06-4FD6-A523-C8E6875DADFB}.Debug|Any CPU.ActiveCfg = Debug|Any CPU
		{EB16478D-4C06-4FD6-A523-C8E6875DADFB}.Debug|Any CPU.Build.0 = Debug|Any CPU
		{EB16478D-4C06-4FD6-A523-C8E6875DADFB}.Release|Any CPU.ActiveCfg = Release|Any CPU
		{EB16478D-4C06-4FD6-A523-C8E6875DADFB}.Release|Any CPU.Build.0 = Release|Any CPU
	EndGlobalSection
	GlobalSection(SolutionProperties) = preSolution
		HideSolutionNode = FALSE
	EndGlobalSection
	GlobalSection(ExtensibilityGlobals) = postSolution
		SolutionGuid = {68BB7252-52FE-441B-9A40-51A486D87095}
	EndGlobalSection
EndGlobal
